{
  "nodes": {
    "bun2nix": {
      "inputs": {
        "flake-parts": [
          "nix-strix-halo",
          "nix-ai-tools",
          "flake-parts"
        ],
        "nixpkgs": [
          "nix-strix-halo",
          "nix-ai-tools",
          "nixpkgs"
        ],
        "systems": [
          "nix-strix-halo",
          "nix-ai-tools",
          "systems"
        ],
        "treefmt-nix": [
          "nix-strix-halo",
          "nix-ai-tools",
          "treefmt-nix"
        ]
      },
      "locked": {
        "lastModified": 1782772816,
        "narHash": "sha256-s9BuFv0mRuZx9C1MF8qPHRdcAK14ONi0A5m6E2wqOoM=",
        "owner": "nix-community",
        "repo": "bun2nix",
        "rev": "5a39d717029e94163ac223aee8d5c9946cafed1c",
        "type": "github"
      },
      "original": {
        "owner": "nix-community",
        "repo": "bun2nix",
        "type": "github"
      }
    },
    "ds4": {
      "flake": false,
      "locked": {
        "lastModified": 1781677530,
        "narHash": "sha256-Ieuc72GHZs20ModQfnvI5Me31n4Pj+WFYtsuqaKJceo=",
        "owner": "antirez",
        "repo": "ds4",
        "rev": "80ebbc396aee40eedc1d829222f3362d10fa4c6c",
        "type": "github"
      },
      "original": {
        "owner": "antirez",
        "repo": "ds4",
        "type": "github"
      }
    },
    "ds4-hip": {
      "flake": false,
      "locked": {
        "lastModified": 1780562402,
        "narHash": "sha256-W0PW0274eHM3nYDtpwiMNKk3y4R42f4VpWKY5Nx9b8A=",
        "owner": "ejpir",
        "repo": "ds4-hip",
        "rev": "3490c2e46c91331323dc0f2bfb7d3018e227fdff",
        "type": "github"
      },
      "original": {
        "owner": "ejpir",
        "ref": "rocm-upstream-shape-cyberneurova",
        "repo": "ds4-hip",
        "type": "github"
      }
    },
    "ec-su-axb35": {
      "flake": false,
      "locked": {
        "lastModified": 1783792693,
        "narHash": "sha256-+fN7C07oYYZW6qp4kDlg51N1mAgQTbgPiQnf2wX1KUs=",
        "owner": "cmetz",
        "repo": "ec-su_axb35-linux",
        "rev": "7a9f372edcaa99e562dece70204c4f609692a778",
        "type": "github"
      },
      "original": {
        "owner": "cmetz",
        "repo": "ec-su_axb35-linux",
        "type": "github"
      }
    },
    "fastflowlm": {
      "flake": false,
      "locked": {
        "lastModified": 1784320030,
        "narHash": "sha256-kSOZvOqiiIMIRwcLivbRJwcBhkzr0fpeC8w3Q4iTj+M=",
        "owner": "FastFlowLM",
        "repo": "FastFlowLM",
        "rev": "fd371409897d7c0abb4de4dbc5098b9b43c094ff",
        "type": "github"
      },
      "original": {
        "owner": "FastFlowLM",
        "repo": "FastFlowLM",
        "type": "github"
      }
    },
    "flake-parts": {
      "inputs": {
        "nixpkgs-lib": [
          "nix-strix-halo",
          "nix-ai-tools",
          "nixpkgs"
        ]
      },
      "locked": {
        "lastModified": 1782949081,
        "narHash": "sha256-vp6Y/Grm98ESt6ceOkWiHWyZRDV3J1RID4w+6NWK9yA=",
        "owner": "hercules-ci",
        "repo": "flake-parts",
        "rev": "17c9d6cdfc60c64f4ee8d306f9bc0b4ccb51481e",
        "type": "github"
      },
      "original": {
        "owner": "hercules-ci",
        "repo": "flake-parts",
        "type": "github"
      }
    },
    "linux-src": {
      "flake": false,
      "locked": {
        "lastModified": 1780549139,
        "narHash": "sha256-HkhLiKigaUCQeH6z5enWhExJtW2LLh4NHVBrSlZc3XU=",
        "ref": "refs/heads/next",
        "rev": "503c5ae1e72aa9ed91925dafa3d82ee2e992747f",
        "shallow": true,
        "type": "git",
        "url": "https://git.kernel.org/pub/scm/linux/kernel/git/westeri/thunderbolt.git"
      },
      "original": {
        "ref": "refs/heads/next",
        "shallow": true,
        "type": "git",
        "url": "https://git.kernel.org/pub/scm/linux/kernel/git/westeri/thunderbolt.git"
      }
    },
    "llama-cpp-master": {
      "flake": false,
      "locked": {
        "lastModified": 1784379738,
        "narHash": "sha256-PU2rQT1KBxrox6Fo8sryTphR8Ir7i6Z2NEodKKgNOfI=",
        "owner": "ggml-org",
        "repo": "llama.cpp",
        "rev": "571d0d540df04f25298d0e159e520d9fc62ed121",
        "type": "github"
      },
      "original": {
        "owner": "ggml-org",
        "repo": "llama.cpp",
        "type": "github"
      }
    },
    "llama-cpp-spacemit": {
      "flake": false,
      "locked": {
        "lastModified": 1783141934,
        "narHash": "sha256-Z8APQR0Xp9/zm+izIW0ICY8NhD5RQbZC/G49z3j9bJE=",
        "owner": "spacemit-com",
        "repo": "llama.cpp",
        "rev": "86d4ff230bdfef62de1cc4987783a8d29af66d49",
        "type": "github"
      },
      "original": {
        "owner": "spacemit-com",
        "ref": "v0.1.5",
        "repo": "llama.cpp",
        "type": "github"
      }
    },
    "mlx-src": {
      "flake": false,
      "locked": {
        "lastModified": 1784241827,
        "narHash": "sha256-aYsfPcYIwsuKkYwssy0ANHuRVlM/KarfoTqlT8VJggo=",
        "owner": "NripeshN",
        "repo": "mlx",
        "rev": "0dadb703d77301af29405cf7e12627efb88a6d0f",
        "type": "github"
      },
      "original": {
        "owner": "NripeshN",
        "ref": "rocm-support",
        "repo": "mlx",
        "type": "github"
      }
    },
    "nix-ai-tools": {
      "inputs": {
        "bun2nix": "bun2nix",
        "flake-parts": "flake-parts",
        "nixpkgs": [
          "nix-strix-halo",
          "nixpkgs"
        ],
        "systems": "systems",
        "treefmt-nix": "treefmt-nix"
      },
      "locked": {
        "lastModified": 1784470748,
        "narHash": "sha256-/A+1q5cjAdh/HH30MMzi7JDu1CM3mBoj2jFewUbq520=",
        "owner": "numtide",
        "repo": "nix-ai-tools",
        "rev": "26b51974319a3931a16ae9eb7dd3f4b8b1c67fd9",
        "type": "github"
      },
      "original": {
        "owner": "numtide",
        "repo": "nix-ai-tools",
        "type": "github"
      }
    },
    "nix-strix-halo": {
      "inputs": {
        "ds4": "ds4",
        "ds4-hip": "ds4-hip",
        "ec-su-axb35": "ec-su-axb35",
        "fastflowlm": "fastflowlm",
        "llama-cpp-master": "llama-cpp-master",
        "llama-cpp-spacemit": "llama-cpp-spacemit",
        "mlx-src": "mlx-src",
        "nix-ai-tools": "nix-ai-tools",
        "nixpkgs": "nixpkgs",
        "spine-triton": "spine-triton",
        "therock-src-7-15-gfx1151-base-half-011b45bd": "therock-src-7-15-gfx1151-base-half-011b45bd",
        "therock-src-7-15-gfx1151-base-rocm-cmake-ec512d84": "therock-src-7-15-gfx1151-base-rocm-cmake-ec512d84",
        "therock-src-7-15-gfx1151-compiler-amd-llvm-1e702164": "therock-src-7-15-gfx1151-compiler-amd-llvm-1e702164",
        "therock-src-7-15-gfx1151-compiler-hipify-ea979a85": "therock-src-7-15-gfx1151-compiler-hipify-ea979a85",
        "therock-src-7-15-gfx1151-compiler-spirv-llvm-translator-b9250448": "therock-src-7-15-gfx1151-compiler-spirv-llvm-translator-b9250448",
        "therock-src-7-15-gfx1151-debug-tools-rocgdb-source-e3322990": "therock-src-7-15-gfx1151-debug-tools-rocgdb-source-e3322990",
        "therock-src-7-15-gfx1151-math-libs-libhipcxx-10b48ff4": "therock-src-7-15-gfx1151-math-libs-libhipcxx-10b48ff4",
        "therock-src-7-15-gfx1151-rocm-libraries-36c771f3": "therock-src-7-15-gfx1151-rocm-libraries-36c771f3",
        "therock-src-7-15-gfx1151-rocm-systems-9c0ec3e9": "therock-src-7-15-gfx1151-rocm-systems-9c0ec3e9",
        "therock-src-7-15-gfx1151-rocm-systems-projects-rocprofiler-compute-src-lib-external-fmt-db1fc275": "therock-src-7-15-gfx1151-rocm-systems-projects-rocprofiler-compute-src-lib-external-fmt-db1fc275",
        "therock-src-7-15-gfx1151-rocm-systems-projects-rocprofiler-compute-src-lib-external-json-c887b002": "therock-src-7-15-gfx1151-rocm-systems-projects-rocprofiler-compute-src-lib-external-json-c887b002",
        "therock-src-7-15-gfx1151-rocm-systems-projects-rocprofiler-compute-src-vendored-pyyaml-b64e5974": "therock-src-7-15-gfx1151-rocm-systems-projects-rocprofiler-compute-src-vendored-pyyaml-b64e5974",
        "therock-src-7-15-gfx1151-rocm-systems-projects-rocprofiler-sdk-external-abseil-cpp-471579c4": "therock-src-7-15-gfx1151-rocm-systems-projects-rocprofiler-sdk-external-abseil-cpp-471579c4",
        "therock-src-7-15-gfx1151-rocm-systems-projects-rocprofiler-sdk-external-cereal-7f708e93": "therock-src-7-15-gfx1151-rocm-systems-projects-rocprofiler-sdk-external-cereal-7f708e93",
        "therock-src-7-15-gfx1151-rocm-systems-projects-rocprofiler-sdk-external-elfio-cf38c296": "therock-src-7-15-gfx1151-rocm-systems-projects-rocprofiler-sdk-external-elfio-cf38c296",
        "therock-src-7-15-gfx1151-rocm-systems-projects-rocprofiler-sdk-external-filesystem-807165f4": "therock-src-7-15-gfx1151-rocm-systems-projects-rocprofiler-sdk-external-filesystem-807165f4",
        "therock-src-7-15-gfx1151-rocm-systems-projects-rocprofiler-sdk-external-gotcha-10fa2c98": "therock-src-7-15-gfx1151-rocm-systems-projects-rocprofiler-sdk-external-gotcha-10fa2c98",
        "therock-src-7-15-gfx1151-rocm-systems-projects-rocprofiler-sdk-external-json-a3f85fd2": "therock-src-7-15-gfx1151-rocm-systems-projects-rocprofiler-sdk-external-json-a3f85fd2",
        "therock-src-7-15-gfx1151-rocm-systems-projects-rocprofiler-sdk-external-perfetto-9d309359": "therock-src-7-15-gfx1151-rocm-systems-projects-rocprofiler-sdk-external-perfetto-9d309359",
        "therock-src-7-15-gfx1151-rocm-systems-projects-rocprofiler-sdk-external-ptl-db721fa0": "therock-src-7-15-gfx1151-rocm-systems-projects-rocprofiler-sdk-external-ptl-db721fa0",
        "therock-src-7-15-gfx1151-rocm-systems-projects-rocprofiler-sdk-external-pybind11-6da66437": "therock-src-7-15-gfx1151-rocm-systems-projects-rocprofiler-sdk-external-pybind11-6da66437",
        "therock-src-7-15-gfx1151-rocm-systems-projects-rocprofiler-systems-external-dyninst-5f477976": "therock-src-7-15-gfx1151-rocm-systems-projects-rocprofiler-systems-external-dyninst-5f477976",
        "therock-src-7-15-gfx1151-rocm-systems-projects-rocprofiler-systems-external-json-ef3d2b7e": "therock-src-7-15-gfx1151-rocm-systems-projects-rocprofiler-systems-external-json-ef3d2b7e",
        "therock-src-7-15-gfx1151-rocm-systems-projects-rocprofiler-systems-external-onetbb-9159eae3": "therock-src-7-15-gfx1151-rocm-systems-projects-rocprofiler-systems-external-onetbb-9159eae3",
        "therock-src-7-15-gfx1151-rocm-systems-projects-rocprofiler-systems-external-papi-ae8ec169": "therock-src-7-15-gfx1151-rocm-systems-projects-rocprofiler-systems-external-papi-ae8ec169",
        "therock-src-7-15-gfx1151-rocm-systems-projects-rocprofiler-systems-external-perfetto-c27c4344": "therock-src-7-15-gfx1151-rocm-systems-projects-rocprofiler-systems-external-perfetto-c27c4344",
        "therock-src-7-15-gfx1151-rocm-systems-projects-rocprofiler-systems-external-pybind11-92d9411d": "therock-src-7-15-gfx1151-rocm-systems-projects-rocprofiler-systems-external-pybind11-92d9411d",
        "therock-src-7-15-gfx1151-rocm-systems-projects-rocprofiler-systems-external-timemory-exte-1cc6846c": "therock-src-7-15-gfx1151-rocm-systems-projects-rocprofiler-systems-external-timemory-exte-1cc6846c",
        "therock-src-7-15-gfx1151-rocm-systems-projects-rocprofiler-systems-external-timemory-exte-742cff1f": "therock-src-7-15-gfx1151-rocm-systems-projects-rocprofiler-systems-external-timemory-exte-742cff1f",
        "therock-src-7-15-gfx1151-rocm-systems-projects-rocprofiler-systems-external-timemory-exte-811a2531": "therock-src-7-15-gfx1151-rocm-systems-projects-rocprofiler-systems-external-timemory-exte-811a2531",
        "therock-src-7-15-gfx1151-rocm-systems-projects-rocprofiler-systems-external-timemory-exte-d76a29fa": "therock-src-7-15-gfx1151-rocm-systems-projects-rocprofiler-systems-external-timemory-exte-d76a29fa",
        "therock-src-7-15-gfx1151-rocm-systems-projects-rocprofiler-systems-external-timemory-fb6426bf": "therock-src-7-15-gfx1151-rocm-systems-projects-rocprofiler-systems-external-timemory-fb6426bf",
        "therock-src-7-15-gfx1151-root": "therock-src-7-15-gfx1151-root",
        "therock-src-7-15-gfx1151-third-party-sysdeps-linux-amd-mesa-mesa-fork-a692c85c": "therock-src-7-15-gfx1151-third-party-sysdeps-linux-amd-mesa-mesa-fork-a692c85c",
        "thunderbolt-ibverbs": "thunderbolt-ibverbs",
        "vllm-src": [
          "vllm-fork"
        ],
        "xdna-driver-src": "xdna-driver-src",
        "xrt-src": "xrt-src"
      },
      "locked": {
        "lastModified": 1787924729,
        "narHash": "sha256-fYT3b70X9proZqMkQ2YenMfbL6ngia7YhRCF8LuB2QQ=",
        "owner": "hellas-ai",
        "repo": "nix-strix-halo",
        "rev": "e24b2efcfaee1cefd326ff65ff7a955a908fd5ee",
        "type": "github"
      },
      "original": {
        "owner": "hellas-ai",
        "repo": "nix-strix-halo",
        "type": "github"
      }
    },
    "nixpkgs": {
      "locked": {
        "lastModified": 1784356753,
        "narHash": "sha256-12KrbMiWLcf8m7pCvAtZh1ZrgF85ZXDXvfR/fWTKy84=",
        "owner": "NixOS",
        "repo": "nixpkgs",
        "rev": "61b7c44c4073f0b827768aff0049561b5110ea5a",
        "type": "github"
      },
      "original": {
        "owner": "NixOS",
        "ref": "nixos-unstable",
        "repo": "nixpkgs",
        "type": "github"
      }
    },
    "nixpkgs_2": {
      "locked": {
        "lastModified": 1787736819,
        "narHash": "sha256-cV5xEJJK3BvhU8rEd4mC9UsmDi5qscv/kzGPhBRC5WA=",
        "owner": "NixOS",
        "repo": "nixpkgs",
        "rev": "9fbb54b33e91ee4ca368e35a78e0613c720600b3",
        "type": "github"
      },
      "original": {
        "owner": "NixOS",
        "ref": "nixos-unstable",
        "repo": "nixpkgs",
        "type": "github"
      }
    },
    "root": {
      "inputs": {
        "nix-strix-halo": "nix-strix-halo",
        "nixpkgs": "nixpkgs_2",
        "vllm-fork": "vllm-fork"
      }
    },
    "spine-triton": {
      "flake": false,
      "locked": {
        "lastModified": 1780563047,
        "narHash": "sha256-z7t6hb+rQXqjDt0OwdcWkeDXosi4Vw+LsSQ9IYL1Zqw=",
        "ref": "refs/tags/0.5.5",
        "rev": "c62b11c5ea994ed6f7ce1d5ac881f14fc5e4aba4",
        "revCount": 444,
        "submodules": true,
        "type": "git",
        "url": "https://github.com/spacemit-com/spine-triton.git"
      },
      "original": {
        "ref": "refs/tags/0.5.5",
        "submodules": true,
        "type": "git",
        "url": "https://github.com/spacemit-com/spine-triton.git"
      }
    },
    "systems": {
      "locked": {
        "lastModified": 1681028828,
        "narHash": "sha256-Vy1rq5AaRuLzOxct8nz4T6wlgyUR7zLU309k9mBC768=",
        "owner": "nix-systems",
        "repo": "default",
        "rev": "da67096a3b9bf56a91d16901293e51ba5b49a27e",
        "type": "github"
      },
      "original": {
        "owner": "nix-systems",
        "repo": "default",
        "type": "github"
      }
    },
    "therock-src-7-15-gfx1151-base-half-011b45bd": {
      "flake": false,
      "locked": {
        "lastModified": 1750971477,
        "narHash": "sha256-If9O5BEeymsLN+C0drZsPSxEWXpJTxeDBGNHNXSumm4=",
        "owner": "ROCm",
        "repo": "half",
        "rev": "207ee58595a64b5c4a70df221f1e6e704b807811",
        "type": "github"
      },
      "original": {
        "owner": "ROCm",
        "repo": "half",
        "rev": "207ee58595a64b5c4a70df221f1e6e704b807811",
        "type": "github"
      }
    },
    "therock-src-7-15-gfx1151-base-rocm-cmake-ec512d84": {
      "flake": false,
      "locked": {
        "lastModified": 1755709169,
        "narHash": "sha256-im6UO0crO0Jc27zkTsdvJYPHit8IGlw/vDPGrmP1XqY=",
        "owner": "ROCm",
        "repo": "rocm-cmake",
        "rev": "10155d7272ea1bf79f6b5a9dbc339657af1aa372",
        "type": "github"
      },
      "original": {
        "owner": "ROCm",
        "repo": "rocm-cmake",
        "rev": "10155d7272ea1bf79f6b5a9dbc339657af1aa372",
        "type": "github"
      }
    },
    "therock-src-7-15-gfx1151-compiler-amd-llvm-1e702164": {
      "flake": false,
      "locked": {
        "lastModified": 1784147967,
        "narHash": "sha256-UpoXFyhaO0H4TFYgPRvBo/MxSKr9NpJQgTM+NunfqdY=",
        "owner": "ROCm",
        "repo": "llvm-project",
        "rev": "92fe31231dd83aedaedd822daa2079ca8a445547",
        "type": "github"
      },
      "original": {
        "owner": "ROCm",
        "repo": "llvm-project",
        "rev": "92fe31231dd83aedaedd822daa2079ca8a445547",
        "type": "github"
      }
    },
    "therock-src-7-15-gfx1151-compiler-hipify-ea979a85": {
      "flake": false,
      "locked": {
        "lastModified": 1778159713,
        "narHash": "sha256-hS13lgo2sDBfkOV5Nsiz0HixqgE9B0d7oRuU4o274ns=",
        "owner": "ROCm",
        "repo": "HIPIFY",
        "rev": "c917282dbc1fe85d3814807a2c77d4288cff112d",
        "type": "github"
      },
      "original": {
        "owner": "ROCm",
        "repo": "HIPIFY",
        "rev": "c917282dbc1fe85d3814807a2c77d4288cff112d",
        "type": "github"
      }
    },
    "therock-src-7-15-gfx1151-compiler-spirv-llvm-translator-b9250448": {
      "flake": false,
      "locked": {
        "lastModified": 1780443579,
        "narHash": "sha256-OQi8TBqJ7K3vE5YSQkNtzAinylfd5QQtOUqiFf/ZDQI=",
        "owner": "ROCm",
        "repo": "SPIRV-LLVM-Translator",
        "rev": "ddeda6468d45cf1e888a0e81e50bc170756a335b",
        "type": "github"
      },
      "original": {
        "owner": "ROCm",
        "repo": "SPIRV-LLVM-Translator",
        "rev": "ddeda6468d45cf1e888a0e81e50bc170756a335b",
        "type": "github"
      }
    },
    "therock-src-7-15-gfx1151-debug-tools-rocgdb-source-e3322990": {
      "flake": false,
      "locked": {
        "lastModified": 1784124121,
        "narHash": "sha256-oc/2aXdb8DJ+F9y2r91ocls+3EJtMKyOVDA6LQ6fEIE=",
        "owner": "ROCm",
        "repo": "rocgdb",
        "rev": "1b5ded2e8e4239e9dc94b7c77c1b753cc7f68e26",
        "type": "github"
      },
      "original": {
        "owner": "ROCm",
        "repo": "rocgdb",
        "rev": "1b5ded2e8e4239e9dc94b7c77c1b753cc7f68e26",
        "type": "github"
      }
    },
    "therock-src-7-15-gfx1151-math-libs-libhipcxx-10b48ff4": {
      "flake": false,
      "locked": {
        "lastModified": 1782909735,
        "narHash": "sha256-rXHXco98x1cD36MXA6UnJeBXK0s3PJibeSzwtr1eMV8=",
        "owner": "ROCm",
        "repo": "libhipcxx",
        "rev": "3ea4c70920e0cdd1bab79d1897043090a93372b6",
        "type": "github"
      },
      "original": {
        "owner": "ROCm",
        "repo": "libhipcxx",
        "rev": "3ea4c70920e0cdd1bab79d1897043090a93372b6",
        "type": "github"
      }
    },
    "therock-src-7-15-gfx1151-rocm-libraries-36c771f3": {
      "flake": false,
      "locked": {
        "lastModified": 1784062192,
        "narHash": "sha256-X9MoNiS5JDiM7q1GTQgfJYJ2kTRCYWEKGs6n4qsMpC8=",
        "owner": "ROCm",
        "repo": "rocm-libraries",
        "rev": "fa9cdd186b222f6449a6be1710038bdee4faa328",
        "type": "github"
      },
      "original": {
        "owner": "ROCm",
        "repo": "rocm-libraries",
        "rev": "fa9cdd186b222f6449a6be1710038bdee4faa328",
        "type": "github"
      }
    },
    "therock-src-7-15-gfx1151-rocm-systems-9c0ec3e9": {
      "flake": false,
      "locked": {
        "lastModified": 1784212595,
        "narHash": "sha256-M6jbvyL+R9yVZ3iezUx5w67oXWRHJBFgR+Bh/6TzF68=",
        "owner": "ROCm",
        "repo": "rocm-systems",
        "rev": "8ceab8e581fbd0e191b1a0a56f9e59d8d1ca4e00",
        "type": "github"
      },
      "original": {
        "owner": "ROCm",
        "repo": "rocm-systems",
        "rev": "8ceab8e581fbd0e191b1a0a56f9e59d8d1ca4e00",
        "type": "github"
      }
    },
    "therock-src-7-15-gfx1151-rocm-systems-projects-rocprofiler-compute-src-lib-external-fmt-db1fc275": {
      "flake": false,
      "locked": {
        "lastModified": 1761748827,
        "narHash": "sha256-ZmI1Dv0ZabPlxa02OpERI47jp7zFfjpeWCy1WyuPYZ0=",
        "owner": "fmtlib",
        "repo": "fmt",
        "rev": "407c905e45ad75fc29bf0f9bb7c5c2fd3475976f",
        "type": "github"
      },
      "original": {
        "owner": "fmtlib",
        "repo": "fmt",
        "rev": "407c905e45ad75fc29bf0f9bb7c5c2fd3475976f",
        "type": "github"
      }
    },
    "therock-src-7-15-gfx1151-rocm-systems-projects-rocprofiler-compute-src-lib-external-json-c887b002": {
      "flake": false,
      "locked": {
        "lastModified": 1777055253,
        "narHash": "sha256-lQr/3uut38g00JEuBIXP4mLGPXiskbsz7r1XU448AQ8=",
        "owner": "nlohmann",
        "repo": "json",
        "rev": "98386eb08b609c172f9f4bf3e74c8d18c5ad583c",
        "type": "github"
      },
      "original": {
        "owner": "nlohmann",
        "repo": "json",
        "rev": "98386eb08b609c172f9f4bf3e74c8d18c5ad583c",
        "type": "github"
      }
    },
    "therock-src-7-15-gfx1151-rocm-systems-projects-rocprofiler-compute-src-vendored-pyyaml-b64e5974": {
      "flake": false,
      "locked": {
        "lastModified": 1758834645,
        "narHash": "sha256-jUooIBp80cLxvdU/zLF0X8Yjrf0Yp9peYeiFjuV8AHA=",
        "owner": "yaml",
        "repo": "pyyaml",
        "rev": "49790e73684bebad1df05ef8d828fa12f685bffb",
        "type": "github"
      },
      "original": {
        "owner": "yaml",
        "repo": "pyyaml",
        "rev": "49790e73684bebad1df05ef8d828fa12f685bffb",
        "type": "github"
      }
    },
    "therock-src-7-15-gfx1151-rocm-systems-projects-rocprofiler-sdk-external-abseil-cpp-471579c4": {
      "flake": false,
      "locked": {
        "lastModified": 1770824088,
        "narHash": "sha256-TJT2Kzc64zI42FAbbGWP3Sshh1dU/D/AtEpgZrrhebg=",
        "owner": "abseil",
        "repo": "abseil-cpp",
        "rev": "255c84dadd029fd8ad25c5efb5933e47beaa00c7",
        "type": "github"
      },
      "original": {
        "owner": "abseil",
        "repo": "abseil-cpp",
        "rev": "255c84dadd029fd8ad25c5efb5933e47beaa00c7",
        "type": "github"
      }
    },
    "therock-src-7-15-gfx1151-rocm-systems-projects-rocprofiler-sdk-external-cereal-7f708e93": {
      "flake": false,
      "locked": {
        "lastModified": 1760484697,
        "narHash": "sha256-iNg1U0g4Opj3VcZ2cv1q6hxXHio601KubCchNyfbih4=",
        "owner": "jrmadsen",
        "repo": "cereal",
        "rev": "40a30defcb8874270a04836d316502b08904b2bc",
        "type": "github"
      },
      "original": {
        "owner": "jrmadsen",
        "repo": "cereal",
        "rev": "40a30defcb8874270a04836d316502b08904b2bc",
        "type": "github"
      }
    },
    "therock-src-7-15-gfx1151-rocm-systems-projects-rocprofiler-sdk-external-elfio-cf38c296": {
      "flake": false,
      "locked": {
        "lastModified": 1755240366,
        "narHash": "sha256-XvSK/OfH/krsiH3Tm/LdeuW9DePWGN8qHk8DDfzcP/Y=",
        "owner": "serge1",
        "repo": "ELFIO",
        "rev": "575bfdb12cd90fa8913660295103549f151d116a",
        "type": "github"
      },
      "original": {
        "owner": "serge1",
        "repo": "ELFIO",
        "rev": "575bfdb12cd90fa8913660295103549f151d116a",
        "type": "github"
      }
    },
    "therock-src-7-15-gfx1151-rocm-systems-projects-rocprofiler-sdk-external-filesystem-807165f4": {
      "flake": false,
      "locked": {
        "lastModified": 1678018010,
        "narHash": "sha256-XZ0IxyNIAs2tegktOGQevkLPbWHam/AOFT+M6wAWPFg=",
        "owner": "gulrak",
        "repo": "filesystem",
        "rev": "8a2edd6d92ed820521d42c94d179462bf06b5ed3",
        "type": "github"
      },
      "original": {
        "owner": "gulrak",
        "repo": "filesystem",
        "rev": "8a2edd6d92ed820521d42c94d179462bf06b5ed3",
        "type": "github"
      }
    },
    "therock-src-7-15-gfx1151-rocm-systems-projects-rocprofiler-sdk-external-gotcha-10fa2c98": {
      "flake": false,
      "locked": {
        "lastModified": 1755016804,
        "narHash": "sha256-FxCCtJnWFod5VXqfb+r0XlfcCAtcjNwfIsVhjUPlRQU=",
        "owner": "ROCm",
        "repo": "GOTCHA",
        "rev": "b944da10ff9b3364ef2e4b12e02cb2464e05dd48",
        "type": "github"
      },
      "original": {
        "owner": "ROCm",
        "repo": "GOTCHA",
        "rev": "b944da10ff9b3364ef2e4b12e02cb2464e05dd48",
        "type": "github"
      }
    },
    "therock-src-7-15-gfx1151-rocm-systems-projects-rocprofiler-sdk-external-json-a3f85fd2": {
      "flake": false,
      "locked": {
        "lastModified": 1732727001,
        "narHash": "sha256-jqk9TS8qvucsZaK6HS5NNyFYnkyxQLNloF6pFtSrzMQ=",
        "owner": "nlohmann",
        "repo": "json",
        "rev": "e41905fcb0938a7502d25ea5242c6b41396e21b0",
        "type": "github"
      },
      "original": {
        "owner": "nlohmann",
        "repo": "json",
        "rev": "e41905fcb0938a7502d25ea5242c6b41396e21b0",
        "type": "github"
      }
    },
    "therock-src-7-15-gfx1151-rocm-systems-projects-rocprofiler-sdk-external-perfetto-9d309359": {
      "flake": false,
      "locked": {
        "lastModified": 1712741208,
        "narHash": "sha256-9v4kUKpOLosGayu+GhhPOW/+NXSjX5Lngbt8YJ3KxFM=",
        "owner": "google",
        "repo": "perfetto",
        "rev": "eb5ef24c58d13cec289d733d03f0f3f0ed321b12",
        "type": "github"
      },
      "original": {
        "owner": "google",
        "repo": "perfetto",
        "rev": "eb5ef24c58d13cec289d733d03f0f3f0ed321b12",
        "type": "github"
      }
    },
    "therock-src-7-15-gfx1151-rocm-systems-projects-rocprofiler-sdk-external-ptl-db721fa0": {
      "flake": false,
      "locked": {
        "lastModified": 1709321309,
        "narHash": "sha256-DZQUjg8l1n6iPx9OCn3W3tt2vcwnQfgijCoIKjywF8I=",
        "owner": "jrmadsen",
        "repo": "PTL",
        "rev": "48df41625430d27ce43cf197fd467a8dda87cb45",
        "type": "github"
      },
      "original": {
        "owner": "jrmadsen",
        "repo": "PTL",
        "rev": "48df41625430d27ce43cf197fd467a8dda87cb45",
        "type": "github"
      }
    },
    "therock-src-7-15-gfx1151-rocm-systems-projects-rocprofiler-sdk-external-pybind11-6da66437": {
      "flake": false,
      "locked": {
        "lastModified": 1648696333,
        "narHash": "sha256-O3bkexUBa+gfiJEM6KSR8y/iVqHqlCFmz/9EghxdIpw=",
        "owner": "pybind",
        "repo": "pybind11",
        "rev": "914c06fb252b6cc3727d0eedab6736e88a3fcb01",
        "type": "github"
      },
      "original": {
        "owner": "pybind",
        "repo": "pybind11",
        "rev": "914c06fb252b6cc3727d0eedab6736e88a3fcb01",
        "type": "github"
      }
    },
    "therock-src-7-15-gfx1151-rocm-systems-projects-rocprofiler-systems-external-dyninst-5f477976": {
      "flake": false,
      "locked": {
        "lastModified": 1781671772,
        "narHash": "sha256-Q0GMeeGp8GNLYw5ydrWTGeaiU7rI267EXrsrOtRUPww=",
        "owner": "ROCm",
        "repo": "dyninst",
        "rev": "5dff47bf6fb53e51cdc5e98c8ef6656080931ede",
        "type": "github"
      },
      "original": {
        "owner": "ROCm",
        "repo": "dyninst",
        "rev": "5dff47bf6fb53e51cdc5e98c8ef6656080931ede",
        "type": "github"
      }
    },
    "therock-src-7-15-gfx1151-rocm-systems-projects-rocprofiler-systems-external-json-ef3d2b7e": {
      "flake": false,
      "locked": {
        "lastModified": 1744360948,
        "narHash": "sha256-cECvDOLxgX7Q9R3IE86Hj9JJUxraDQvhoyPDF03B2CY=",
        "owner": "nlohmann",
        "repo": "json",
        "rev": "55f93686c01528224f448c19128836e7df245f72",
        "type": "github"
      },
      "original": {
        "owner": "nlohmann",
        "repo": "json",
        "rev": "55f93686c01528224f448c19128836e7df245f72",
        "type": "github"
      }
    },
    "therock-src-7-15-gfx1151-rocm-systems-projects-rocprofiler-systems-external-onetbb-9159eae3": {
      "flake": false,
      "locked": {
        "lastModified": 1761737496,
        "narHash": "sha256-HIHF6KHlEI4rgQ9Epe0+DmNe1y95K9iYa4V/wFnJfEU=",
        "owner": "uxlfoundation",
        "repo": "oneTBB",
        "rev": "f1862f38f83568d96e814e469ab61f88336cc595",
        "type": "github"
      },
      "original": {
        "owner": "uxlfoundation",
        "repo": "oneTBB",
        "rev": "f1862f38f83568d96e814e469ab61f88336cc595",
        "type": "github"
      }
    },
    "therock-src-7-15-gfx1151-rocm-systems-projects-rocprofiler-systems-external-papi-ae8ec169": {
      "flake": false,
      "locked": {
        "lastModified": 1773687226,
        "narHash": "sha256-iII6W6HZXsHRgqniO5IH2GDjhl1JcwhYdhWuIE8Lymk=",
        "owner": "icl-utk-edu",
        "repo": "papi",
        "rev": "c27003e1642f1c151c9b18ef9e7610072b3c852d",
        "type": "github"
      },
      "original": {
        "owner": "icl-utk-edu",
        "repo": "papi",
        "rev": "c27003e1642f1c151c9b18ef9e7610072b3c852d",
        "type": "github"
      }
    },
    "therock-src-7-15-gfx1151-rocm-systems-projects-rocprofiler-systems-external-perfetto-c27c4344": {
      "flake": false,
      "locked": {
        "lastModified": 1718298493,
        "narHash": "sha256-L7RnOQmD74JFpa10mNwXcLV8YyyjaQ7qYx9eXJpizpw=",
        "owner": "google",
        "repo": "perfetto",
        "rev": "35b3d9845c2f4017865c4dc93fafcf6d202f1651",
        "type": "github"
      },
      "original": {
        "owner": "google",
        "repo": "perfetto",
        "rev": "35b3d9845c2f4017865c4dc93fafcf6d202f1651",
        "type": "github"
      }
    },
    "therock-src-7-15-gfx1151-rocm-systems-projects-rocprofiler-systems-external-pybind11-92d9411d": {
      "flake": false,
      "locked": {
        "lastModified": 1689348038,
        "narHash": "sha256-r0b1Wr/PtTk4kHOVhgSy3gi/GLED774Ys49J1E7B7WQ=",
        "owner": "jrmadsen",
        "repo": "pybind11",
        "rev": "1a917f1852eb7819b671fc3fa862840f4c491a07",
        "type": "github"
      },
      "original": {
        "owner": "jrmadsen",
        "repo": "pybind11",
        "rev": "1a917f1852eb7819b671fc3fa862840f4c491a07",
        "type": "github"
      }
    },
    "therock-src-7-15-gfx1151-rocm-systems-projects-rocprofiler-systems-external-timemory-exte-1cc6846c": {
      "flake": false,
      "locked": {
        "lastModified": 1664927513,
        "narHash": "sha256-MWdkZY255bVYLzUhV1BxMPb+LbM3dtDkg1M4AhrB2rQ=",
        "owner": "jrmadsen",
        "repo": "yaml-cpp",
        "rev": "1b50109f7bea60bd382d8ea7befce3d2bd67da5f",
        "type": "github"
      },
      "original": {
        "owner": "jrmadsen",
        "repo": "yaml-cpp",
        "rev": "1b50109f7bea60bd382d8ea7befce3d2bd67da5f",
        "type": "github"
      }
    },
    "therock-src-7-15-gfx1151-rocm-systems-projects-rocprofiler-systems-external-timemory-exte-742cff1f": {
      "flake": false,
      "locked": {
        "lastModified": 1690716675,
        "narHash": "sha256-z5YCue0zadQnMEbGFniFvDjXNy6dSHQDQnXRXS6Uh/Y=",
        "owner": "libunwind",
        "repo": "libunwind",
        "rev": "24947191d61dda869e039e0414fe97e9f594acd5",
        "type": "github"
      },
      "original": {
        "owner": "libunwind",
        "repo": "libunwind",
        "rev": "24947191d61dda869e039e0414fe97e9f594acd5",
        "type": "github"
      }
    },
    "therock-src-7-15-gfx1151-rocm-systems-projects-rocprofiler-systems-external-timemory-exte-811a2531": {
      "flake": false,
      "locked": {
        "lastModified": 1752612818,
        "narHash": "sha256-KHTPiNCzYtIsGcSwjVwFSIgO+GZgdBkruMfv1HNxzYk=",
        "owner": "ROCm",
        "repo": "GOTCHA",
        "rev": "6ef1232a0acc99f3340c2ca4c5d23890e9b8a459",
        "type": "github"
      },
      "original": {
        "owner": "ROCm",
        "repo": "GOTCHA",
        "rev": "6ef1232a0acc99f3340c2ca4c5d23890e9b8a459",
        "type": "github"
      }
    },
    "therock-src-7-15-gfx1151-rocm-systems-projects-rocprofiler-systems-external-timemory-exte-d76a29fa": {
      "flake": false,
      "locked": {
        "lastModified": 1689348038,
        "narHash": "sha256-r0b1Wr/PtTk4kHOVhgSy3gi/GLED774Ys49J1E7B7WQ=",
        "owner": "jrmadsen",
        "repo": "pybind11",
        "rev": "1a917f1852eb7819b671fc3fa862840f4c491a07",
        "type": "github"
      },
      "original": {
        "owner": "jrmadsen",
        "repo": "pybind11",
        "rev": "1a917f1852eb7819b671fc3fa862840f4c491a07",
        "type": "github"
      }
    },
    "therock-src-7-15-gfx1151-rocm-systems-projects-rocprofiler-systems-external-timemory-fb6426bf": {
      "flake": false,
      "locked": {
        "lastModified": 1780482623,
        "narHash": "sha256-AAaBBfutxm0suCyJyTZK1vEEG9kAkeho2m6b0JGK4R8=",
        "owner": "ROCm",
        "repo": "timemory",
        "rev": "54ae9d214a63132da22c7cab21c5fb4b7b5049f8",
        "type": "github"
      },
      "original": {
        "owner": "ROCm",
        "repo": "timemory",
        "rev": "54ae9d214a63132da22c7cab21c5fb4b7b5049f8",
        "type": "github"
      }
    },
    "therock-src-7-15-gfx1151-root": {
      "flake": false,
      "locked": {
        "lastModified": 1784405051,
        "narHash": "sha256-mroWKdRD7qnOWpJI63s2h8fhZtvpHiD8f35aLtDu6m4=",
        "owner": "ROCm",
        "repo": "TheRock",
        "rev": "1de3171d00f6de55e9ed517dc6ca6e825d1e4b55",
        "type": "github"
      },
      "original": {
        "owner": "ROCm",
        "repo": "TheRock",
        "rev": "1de3171d00f6de55e9ed517dc6ca6e825d1e4b55",
        "type": "github"
      }
    },
    "therock-src-7-15-gfx1151-third-party-sysdeps-linux-amd-mesa-mesa-fork-a692c85c": {
      "flake": false,
      "locked": {
        "lastModified": 1782156113,
        "narHash": "sha256-DG3g3Ovdee/Sx6JFOYqEoRQFhm/z/4/Cmlj/kd6xxoA=",
        "owner": "ROCm",
        "repo": "mesa-fork",
        "rev": "22abfc06d7cf4c115ca2e368505d75ba4af174b4",
        "type": "github"
      },
      "original": {
        "owner": "ROCm",
        "repo": "mesa-fork",
        "rev": "22abfc06d7cf4c115ca2e368505d75ba4af174b4",
        "type": "github"
      }
    },
    "thunderbolt-ibverbs": {
      "inputs": {
        "linux-src": "linux-src",
        "nixpkgs": [
          "nix-strix-halo",
          "nixpkgs"
        ]
      },
      "locked": {
        "lastModified": 1782863499,
        "narHash": "sha256-Qx7O5WgO5wY8hUkERu2l+miVL4fTPONQyvtDmBBk0Yo=",
        "owner": "hellas-ai",
        "repo": "thunderbolt-ibverbs",
        "rev": "76ba39b630a70accb72f19388eefe48844b50eb8",
        "type": "github"
      },
      "original": {
        "owner": "hellas-ai",
        "repo": "thunderbolt-ibverbs",
        "type": "github"
      }
    },
    "treefmt-nix": {
      "inputs": {
        "nixpkgs": [
          "nix-strix-halo",
          "nix-ai-tools",
          "nixpkgs"
        ]
      },
      "locked": {
        "lastModified": 1784369104,
        "narHash": "sha256-47cxbcZODibHv3rELFQ9vZly0vUNkND/atn/U7HLeb0=",
        "owner": "numtide",
        "repo": "treefmt-nix",
        "rev": "df3c0640565d04a0261253cdd89fce78ec50168a",
        "type": "github"
      },
      "original": {
        "owner": "numtide",
        "repo": "treefmt-nix",
        "type": "github"
      }
    },
    "vllm-fork": {
      "flake": false,
      "locked": {
        "lastModified": 1787952067,
        "narHash": "sha256-zlkV3ax0CHPnQwHFiXS99EwuVY2idsiwal/vXmC7fPQ=",
        "owner": "mecattaf",
        "repo": "vllm",
        "rev": "bdb6f0420e797de9266de593326368091085cc3b",
        "type": "github"
      },
      "original": {
        "owner": "mecattaf",
        "ref": "flashnext",
        "repo": "vllm",
        "type": "github"
      }
    },
    "xdna-driver-src": {
      "flake": false,
      "locked": {
        "lastModified": 1780591096,
        "narHash": "sha256-pG9fptnKMoHbK2HSBObfflCyBt9k0uDO/leKvtsKUnA=",
        "ref": "1.7",
        "rev": "0fb464f6e043fdaf8d9007b76bd9e9a666ffe870",
        "revCount": 873,
        "submodules": true,
        "type": "git",
        "url": "https://github.com/amd/xdna-driver"
      },
      "original": {
        "ref": "1.7",
        "submodules": true,
        "type": "git",
        "url": "https://github.com/amd/xdna-driver"
      }
    },
    "xrt-src": {
      "flake": false,
      "locked": {
        "lastModified": 1780589208,
        "narHash": "sha256-JrqJIGJoQiXTwXjZpqAXVaHx+6i09B1qtqkJzoRPZKw=",
        "ref": "XRT-2.21",
        "rev": "8661761775a266b11992a3bd6eb08209d88aa845",
        "revCount": 8684,
        "submodules": true,
        "type": "git",
        "url": "https://github.com/Xilinx/XRT"
      },
      "original": {
        "ref": "XRT-2.21",
        "submodules": true,
        "type": "git",
        "url": "https://github.com/Xilinx/XRT"
      }
    }
  },
  "root": "root",
  "version": 7
}
